
Microsoft Visual Studio Solution File, Format Version 12.00
# Visual Studio Version 17
VisualStudioVersion = 17.0.32014.148
MinimumVisualStudioVersion = 10.0.40219.1
Project("{9A19103F-16F7-4668-BE54-9A1E7A4F7556}") = "Chess", "Chess\Chess.csproj", "{26549B1B-70FA-49F0-B713-BC8925D4164C}"
EndProject
Project("{9A19103F-16F7-4668-BE54-9A1E7A4F7556}") = "ChessTests.Tests", "ChessTests.Tests\ChessTests.Tests.csproj", "{3F0D0498-3F23-45C0-BD43-67590B740843}"
EndProject
Global
	GlobalSection(SolutionConfigurationPlatforms) = preSolution
		Debug|Any CPU = Debug|Any CPU
		Release|Any CPU = Release|Any CPU
	EndGlobalSection
	GlobalSection(ProjectConfigurationPlatforms) = postSolution
		{26549B1B-70FA-49F0-B713-BC8925D4164C}.Debug|Any CPU.ActiveCfg = Debug|Any CPU
		{26549B1B-70FA-49F0-B713-BC8925D4164C}.Debug|Any CPU.Build.0 = Debug|Any CPU
		{26549B1B-70FA-49F0-B713-BC8925D4164C}.Release|Any CPU.ActiveCfg = Release|Any CPU
		{26549B1B-70FA-49F0-B713-BC8925D4164C}.Release|Any CPU.Build.0 = Release|Any CPU
		{3F0D0498-3F23-45C0-BD43-67590B740843}.Debug|Any CPU.ActiveCfg = Debug|Any CPU
		{3F0D0498-3F23-45C0-BD43-67590B740843}.Debug|Any CPU.Build.0 = Debug|Any CPU
		{3F0D0498-3F23-45C0-BD43-67590B740843}.Release|Any CPU.ActiveCfg = Release|Any CPU
		{3F0D0498-3F23-45C0-BD43-67590B740843}.Release|Any CPU.Build.0 = Release|Any CPU
	EndGlobalSection
	GlobalSection(SolutionProperties) = preSolution
		HideSolutionNode = FALSE
	EndGlobalSection
	GlobalSection(ExtensibilityGlobals) = postSolution
		SolutionGuid = {9011113F-4567-4D8D-9F40-13484318F958}
	EndGlobalSection
EndGlobal
